
Microsoft Visual Studio Solution File, Format Version 12.00
# Visual Studio Version 17
VisualStudioVersion = 17.13.35919.96 d17.13
MinimumVisualStudioVersion = 10.0.40219.1
Project("{FAE04EC0-301F-11D3-BF4B-00C04F79EFBC}") = "UserManagement.API", "UsersAPI\UserManagement.API.csproj", "{09B64AC6-29DD-4157-8DF9-54AAA037BB25}"
EndProject
Project("{FAE04EC0-301F-11D3-BF4B-00C04F79EFBC}") = "UserManagement.Domain", "Users.Domain\UserManagement.Domain.csproj", "{14CF321B-8E23-4BF4-9D57-BD2F39AF621F}"
EndProject
Project("{FAE04EC0-301F-11D3-BF4B-00C04F79EFBC}") = "UserManagement.Application", "Users.Application\UserManagement.Application.csproj", "{D785A83F-EF11-48F2-89FE-3D5874487E01}"
	ProjectSection(ProjectDependencies) = postProject
		{14CF321B-8E23-4BF4-9D57-BD2F39AF621F} = {14CF321B-8E23-4BF4-9D57-BD2F39AF621F}
	EndProjectSection
EndProject
Project("{FAE04EC0-301F-11D3-BF4B-00C04F79EFBC}") = "UserManagement.Infrastructure", "Users.Infrastructure\UserManagement.Infrastructure.csproj", "{EEC8D2D4-7949-4688-86A4-EDB9BF6EADE2}"
	ProjectSection(ProjectDependencies) = postProject
		{14CF321B-8E23-4BF4-9D57-BD2F39AF621F} = {14CF321B-8E23-4BF4-9D57-BD2F39AF621F}
		{D785A83F-EF11-48F2-89FE-3D5874487E01} = {D785A83F-EF11-48F2-89FE-3D5874487E01}
	EndProjectSection
EndProject
Global
	GlobalSection(SolutionConfigurationPlatforms) = preSolution
		Debug|Any CPU = Debug|Any CPU
		Release|Any CPU = Release|Any CPU
	EndGlobalSection
	GlobalSection(ProjectConfigurationPlatforms) = postSolution
		{09B64AC6-29DD-4157-8DF9-54AAA037BB25}.Debug|Any CPU.ActiveCfg = Debug|Any CPU
		{09B64AC6-29DD-4157-8DF9-54AAA037BB25}.Debug|Any CPU.Build.0 = Debug|Any CPU
		{09B64AC6-29DD-4157-8DF9-54AAA037BB25}.Release|Any CPU.ActiveCfg = Release|Any CPU
		{09B64AC6-29DD-4157-8DF9-54AAA037BB25}.Release|Any CPU.Build.0 = Release|Any CPU
		{14CF321B-8E23-4BF4-9D57-BD2F39AF621F}.Debug|Any CPU.ActiveCfg = Debug|Any CPU
		{14CF321B-8E23-4BF4-9D57-BD2F39AF621F}.Debug|Any CPU.Build.0 = Debug|Any CPU
		{14CF321B-8E23-4BF4-9D57-BD2F39AF621F}.Release|Any CPU.ActiveCfg = Release|Any CPU
		{14CF321B-8E23-4BF4-9D57-BD2F39AF621F}.Release|Any CPU.Build.0 = Release|Any CPU
		{D785A83F-EF11-48F2-89FE-3D5874487E01}.Debug|Any CPU.ActiveCfg = Debug|Any CPU
		{D785A83F-EF11-48F2-89FE-3D5874487E01}.Debug|Any CPU.Build.0 = Debug|Any CPU
		{D785A83F-EF11-48F2-89FE-3D5874487E01}.Release|Any CPU.ActiveCfg = Release|Any CPU
		{D785A83F-EF11-48F2-89FE-3D5874487E01}.Release|Any CPU.Build.0 = Release|Any CPU
		{EEC8D2D4-7949-4688-86A4-EDB9BF6EADE2}.Debug|Any CPU.ActiveCfg = Debug|Any CPU
		{EEC8D2D4-7949-4688-86A4-EDB9BF6EADE2}.Debug|Any CPU.Build.0 = Debug|Any CPU
		{EEC8D2D4-7949-4688-86A4-EDB9BF6EADE2}.Release|Any CPU.ActiveCfg = Release|Any CPU
		{EEC8D2D4-7949-4688-86A4-EDB9BF6EADE2}.Release|Any CPU.Build.0 = Release|Any CPU
	EndGlobalSection
	GlobalSection(SolutionProperties) = preSolution
		HideSolutionNode = FALSE
	EndGlobalSection
	GlobalSection(ExtensibilityGlobals) = postSolution
		SolutionGuid = {B78F3D12-1223-4AC8-BC8C-8448857BAB2B}
	EndGlobalSection
EndGlobal
